
Microsoft Visual Studio Solution File, Format Version 12.00
# Visual Studio 2012
Project("{FAE04EC0-301F-11D3-BF4B-00C04F79EFBC}") = "123Accounting", "123Accounting\123Accounting.csproj", "{38760B19-75B3-4EF7-948E-361C04222D4F}"
EndProject
Global
	GlobalSection(SolutionConfigurationPlatforms) = preSolution
		Debug|Any CPU = Debug|Any CPU
		Release|Any CPU = Release|Any CPU
	EndGlobalSection
	GlobalSection(ProjectConfigurationPlatforms) = postSolution
		{38760B19-75B3-4EF7-948E-361C04222D4F}.Debug|Any CPU.ActiveCfg = Debug|Any CPU
		{38760B19-75B3-4EF7-948E-361C04222D4F}.Debug|Any CPU.Build.0 = Debug|Any CPU
		{38760B19-75B3-4EF7-948E-361C04222D4F}.Release|Any CPU.ActiveCfg = Release|Any CPU
		{38760B19-75B3-4EF7-948E-361C04222D4F}.Release|Any CPU.Build.0 = Release|Any CPU
	EndGlobalSection
	GlobalSection(SolutionProperties) = preSolution
		HideSolutionNode = FALSE
	EndGlobalSection
EndGlobal
